// !$*UTF8*$!
{
	archiveVersion = 1;
	classes = {
	};
	objectVersion = 56;
	objects = {

/* Begin PBXBuildFile section */
		B4A1E2A82CD0000000000001 /* MomentsApp.swift in Sources */ = {isa = PBXBuildFile; fileRef = B4A1E2A72CD0000000000001 /* MomentsApp.swift */; };
		B4A1E2AC2CD0000000000003 /* Assets.xcassets in Resources */ = {isa = PBXBuildFile; fileRef = B4A1E2AB2CD0000000000003 /* Assets.xcassets */; };
		B4A1E2B02CD0000000000004 /* Persistence.swift in Sources */ = {isa = PBXBuildFile; fileRef = B4A1E2AF2CD0000000000004 /* Persistence.swift */; };
		B4A1E2B32CD0000000000005 /* Moments.xcdatamodeld in Sources */ = {isa = PBXBuildFile; fileRef = B4A1E2B12CD0000000000005 /* Moments.xcdatamodeld */; };
		B4C8E5A12CD0000000000010 /* AppDelegate.swift in Sources */ = {isa = PBXBuildFile; fileRef = B4C8E5A02CD0000000000010 /* AppDelegate.swift */; };
		B4C8E5A32CD0000000000020 /* AppMoment.swift in Sources */ = {isa = PBXBuildFile; fileRef = B4C8E5A22CD0000000000020 /* AppMoment.swift */; };
		B4C8E5A42CD0000000000021 /* AppUserSettings.swift in Sources */ = {isa = PBXBuildFile; fileRef = B4C8E5A32CD0000000000021 /* AppUserSettings.swift */; };
		B4C8E5A52CD0000000000022 /* Statistics.swift in Sources */ = {isa = PBXBuildFile; fileRef = B4C8E5A42CD0000000000022 /* Statistics.swift */; };
		B4C8E5A62CD0000000000030 /* DataService.swift in Sources */ = {isa = PBXBuildFile; fileRef = B4C8E5A52CD0000000000030 /* DataService.swift */; };
		B4C8E5A72CD0000000000031 /* ServerService.swift in Sources */ = {isa = PBXBuildFile; fileRef = B4C8E5A62CD0000000000031 /* ServerService.swift */; };
		B4C8E5A82CD0000000000040 /* AppViewModel.swift in Sources */ = {isa = PBXBuildFile; fileRef = B4C8E5A72CD0000000000040 /* AppViewModel.swift */; };
		B4C8E5A92CD0000000000041 /* TodayViewModel.swift in Sources */ = {isa = PBXBuildFile; fileRef = B4C8E5A82CD0000000000041 /* TodayViewModel.swift */; };
		B4C8E5AA2CD0000000000042 /* CatalogViewModel.swift in Sources */ = {isa = PBXBuildFile; fileRef = B4C8E5A92CD0000000000042 /* CatalogViewModel.swift */; };
		B4C8E5AB2CD0000000000043 /* AddMomentViewModel.swift in Sources */ = {isa = PBXBuildFile; fileRef = B4C8E5AA2CD0000000000043 /* AddMomentViewModel.swift */; };
		B4C8E5AC2CD0000000000044 /* StatisticsViewModel.swift in Sources */ = {isa = PBXBuildFile; fileRef = B4C8E5AB2CD0000000000044 /* StatisticsViewModel.swift */; };
		B4C8E5AD2CD0000000000045 /* ProfileViewModel.swift in Sources */ = {isa = PBXBuildFile; fileRef = B4C8E5AC2CD0000000000045 /* ProfileViewModel.swift */; };
		B4C8E5AE2CD0000000000050 /* MainTabView.swift in Sources */ = {isa = PBXBuildFile; fileRef = B4C8E5AD2CD0000000000050 /* MainTabView.swift */; };
		B4C8E5AF2CD0000000000051 /* TodayView.swift in Sources */ = {isa = PBXBuildFile; fileRef = B4C8E5AE2CD0000000000051 /* TodayView.swift */; };
		B4C8E5B02CD0000000000052 /* CatalogView.swift in Sources */ = {isa = PBXBuildFile; fileRef = B4C8E5AF2CD0000000000052 /* CatalogView.swift */; };
		B4C8E5B12CD0000000000053 /* AddMomentView.swift in Sources */ = {isa = PBXBuildFile; fileRef = B4C8E5B02CD0000000000053 /* AddMomentView.swift */; };
		B4C8E5B22CD0000000000054 /* StatisticsView.swift in Sources */ = {isa = PBXBuildFile; fileRef = B4C8E5B12CD0000000000054 /* StatisticsView.swift */; };
		B4C8E5B32CD0000000000055 /* ProfileView.swift in Sources */ = {isa = PBXBuildFile; fileRef = B4C8E5B22CD0000000000055 /* ProfileView.swift */; };
		B4C8E5B42CD0000000000056 /* MomentsView.swift in Sources */ = {isa = PBXBuildFile; fileRef = B4C8E5B32CD0000000000056 /* MomentsView.swift */; };
		B4C8E5B52CD0000000000060 /* MomentCardView.swift in Sources */ = {isa = PBXBuildFile; fileRef = B4C8E5B42CD0000000000060 /* MomentCardView.swift */; };
		B4C8E5B62CD0000000000061 /* AddMomentModalView.swift in Sources */ = {isa = PBXBuildFile; fileRef = B4C8E5B52CD0000000000061 /* AddMomentModalView.swift */; };
		B4C8E5B72CD0000000000070 /* LoadingView.swift in Sources */ = {isa = PBXBuildFile; fileRef = B4C8E5B62CD0000000000070 /* LoadingView.swift */; };
		B4C8E5B82CD0000000000071 /* ImagePicker.swift in Sources */ = {isa = PBXBuildFile; fileRef = B4C8E5B72CD0000000000071 /* ImagePicker.swift */; };
		DD1D53692EA1C42D006BBFA9 /* NotificationService.swift in Sources */ = {isa = PBXBuildFile; fileRef = DD1D53682EA1C42D006BBFA9 /* NotificationService.swift */; };
/* End PBXBuildFile section */

/* Begin PBXFileReference section */
		B4A1E2A42CD0000000000000 /* Moments.app */ = {isa = PBXFileReference; explicitFileType = wrapper.application; includeInIndex = 0; path = Moments.app; sourceTree = BUILT_PRODUCTS_DIR; };
		B4A1E2A72CD0000000000001 /* MomentsApp.swift */ = {isa = PBXFileReference; lastKnownFileType = sourcecode.swift; path = MomentsApp.swift; sourceTree = "<group>"; };
		B4A1E2AB2CD0000000000003 /* Assets.xcassets */ = {isa = PBXFileReference; lastKnownFileType = folder.assetcatalog; path = Assets.xcassets; sourceTree = "<group>"; };
		B4A1E2AF2CD0000000000004 /* Persistence.swift */ = {isa = PBXFileReference; lastKnownFileType = sourcecode.swift; path = Persistence.swift; sourceTree = "<group>"; };
		B4A1E2B22CD0000000000006 /* Moments.xcdatamodel */ = {isa = PBXFileReference; lastKnownFileType = wrapper.xcdatamodel; path = Moments.xcdatamodel; sourceTree = "<group>"; };
		B4C8E5A02CD0000000000010 /* AppDelegate.swift */ = {isa = PBXFileReference; lastKnownFileType = sourcecode.swift; path = AppDelegate.swift; sourceTree = "<group>"; };
		B4C8E5A22CD0000000000020 /* AppMoment.swift */ = {isa = PBXFileReference; lastKnownFileType = sourcecode.swift; path = AppMoment.swift; sourceTree = "<group>"; };
		B4C8E5A32CD0000000000021 /* AppUserSettings.swift */ = {isa = PBXFileReference; lastKnownFileType = sourcecode.swift; path = AppUserSettings.swift; sourceTree = "<group>"; };
		B4C8E5A42CD0000000000022 /* Statistics.swift */ = {isa = PBXFileReference; lastKnownFileType = sourcecode.swift; path = Statistics.swift; sourceTree = "<group>"; };
		B4C8E5A52CD0000000000030 /* DataService.swift */ = {isa = PBXFileReference; lastKnownFileType = sourcecode.swift; path = DataService.swift; sourceTree = "<group>"; };
		B4C8E5A62CD0000000000031 /* ServerService.swift */ = {isa = PBXFileReference; lastKnownFileType = sourcecode.swift; path = ServerService.swift; sourceTree = "<group>"; };
		B4C8E5A72CD0000000000040 /* AppViewModel.swift */ = {isa = PBXFileReference; lastKnownFileType = sourcecode.swift; path = AppViewModel.swift; sourceTree = "<group>"; };
		B4C8E5A82CD0000000000041 /* TodayViewModel.swift */ = {isa = PBXFileReference; lastKnownFileType = sourcecode.swift; path = TodayViewModel.swift; sourceTree = "<group>"; };
		B4C8E5A92CD0000000000042 /* CatalogViewModel.swift */ = {isa = PBXFileReference; lastKnownFileType = sourcecode.swift; path = CatalogViewModel.swift; sourceTree = "<group>"; };
		B4C8E5AA2CD0000000000043 /* AddMomentViewModel.swift */ = {isa = PBXFileReference; lastKnownFileType = sourcecode.swift; path = AddMomentViewModel.swift; sourceTree = "<group>"; };
		B4C8E5AB2CD0000000000044 /* StatisticsViewModel.swift */ = {isa = PBXFileReference; lastKnownFileType = sourcecode.swift; path = StatisticsViewModel.swift; sourceTree = "<group>"; };
		B4C8E5AC2CD0000000000045 /* ProfileViewModel.swift */ = {isa = PBXFileReference; lastKnownFileType = sourcecode.swift; path = ProfileViewModel.swift; sourceTree = "<group>"; };
		B4C8E5AD2CD0000000000050 /* MainTabView.swift */ = {isa = PBXFileReference; lastKnownFileType = sourcecode.swift; path = MainTabView.swift; sourceTree = "<group>"; };
		B4C8E5AE2CD0000000000051 /* TodayView.swift */ = {isa = PBXFileReference; lastKnownFileType = sourcecode.swift; path = TodayView.swift; sourceTree = "<group>"; };
		B4C8E5AF2CD0000000000052 /* CatalogView.swift */ = {isa = PBXFileReference; lastKnownFileType = sourcecode.swift; path = CatalogView.swift; sourceTree = "<group>"; };
		B4C8E5B02CD0000000000053 /* AddMomentView.swift */ = {isa = PBXFileReference; lastKnownFileType = sourcecode.swift; path = AddMomentView.swift; sourceTree = "<group>"; };
		B4C8E5B12CD0000000000054 /* StatisticsView.swift */ = {isa = PBXFileReference; lastKnownFileType = sourcecode.swift; path = StatisticsView.swift; sourceTree = "<group>"; };
		B4C8E5B22CD0000000000055 /* ProfileView.swift */ = {isa = PBXFileReference; lastKnownFileType = sourcecode.swift; path = ProfileView.swift; sourceTree = "<group>"; };
		B4C8E5B32CD0000000000056 /* MomentsView.swift */ = {isa = PBXFileReference; lastKnownFileType = sourcecode.swift; path = MomentsView.swift; sourceTree = "<group>"; };
		B4C8E5B42CD0000000000060 /* MomentCardView.swift */ = {isa = PBXFileReference; lastKnownFileType = sourcecode.swift; path = MomentCardView.swift; sourceTree = "<group>"; };
		B4C8E5B52CD0000000000061 /* AddMomentModalView.swift */ = {isa = PBXFileReference; lastKnownFileType = sourcecode.swift; path = AddMomentModalView.swift; sourceTree = "<group>"; };
		B4C8E5B62CD0000000000070 /* LoadingView.swift */ = {isa = PBXFileReference; lastKnownFileType = sourcecode.swift; path = LoadingView.swift; sourceTree = "<group>"; };
		B4C8E5B72CD0000000000071 /* ImagePicker.swift */ = {isa = PBXFileReference; lastKnownFileType = sourcecode.swift; path = ImagePicker.swift; sourceTree = "<group>"; };
		DD1D53682EA1C42D006BBFA9 /* NotificationService.swift */ = {isa = PBXFileReference; lastKnownFileType = sourcecode.swift; path = NotificationService.swift; sourceTree = "<group>"; };
/* End PBXFileReference section */

/* Begin PBXFrameworksBuildPhase section */
		B4A1E2A12CD0000000000007 /* Frameworks */ = {
			isa = PBXFrameworksBuildPhase;
			buildActionMask = 2147483647;
			files = (
			);
			runOnlyForDeploymentPostprocessing = 0;
		};
/* End PBXFrameworksBuildPhase section */

/* Begin PBXGroup section */
		B4A1E29B2CD0000000000008 = {
			isa = PBXGroup;
			children = (
				B4A1E2A62CD0000000000009 /* Moments */,
				B4A1E2A52CD000000000000A /* Products */,
			);
			sourceTree = "<group>";
		};
		B4A1E2A52CD000000000000A /* Products */ = {
			isa = PBXGroup;
			children = (
				B4A1E2A42CD0000000000000 /* Moments.app */,
			);
			name = Products;
			sourceTree = "<group>";
		};
		B4A1E2A62CD0000000000009 /* Moments */ = {
			isa = PBXGroup;
			children = (
				B4A1E2A72CD0000000000001 /* MomentsApp.swift */,
				B4C8E5A02CD0000000000010 /* AppDelegate.swift */,
				B4A1E2AF2CD0000000000004 /* Persistence.swift */,
				B4C8E5C02CD0000000000080 /* Models */,
				B4C8E5C12CD0000000000081 /* Services */,
				B4C8E5C22CD0000000000082 /* ViewModels */,
				B4C8E5C32CD0000000000083 /* Views */,
				B4A1E2AB2CD0000000000003 /* Assets.xcassets */,
				B4A1E2B12CD0000000000005 /* Moments.xcdatamodeld */,
			);
			path = Moments;
			sourceTree = "<group>";
		};
		B4C8E5C02CD0000000000080 /* Models */ = {
			isa = PBXGroup;
			children = (
				B4C8E5A22CD0000000000020 /* AppMoment.swift */,
				B4C8E5A32CD0000000000021 /* AppUserSettings.swift */,
				B4C8E5A42CD0000000000022 /* Statistics.swift */,
			);
			path = Models;
			sourceTree = "<group>";
		};
		B4C8E5C12CD0000000000081 /* Services */ = {
			isa = PBXGroup;
			children = (
				DD1D53682EA1C42D006BBFA9 /* NotificationService.swift */,
				B4C8E5A52CD0000000000030 /* DataService.swift */,
				B4C8E5A62CD0000000000031 /* ServerService.swift */,
			);
			path = Services;
			sourceTree = "<group>";
		};
		B4C8E5C22CD0000000000082 /* ViewModels */ = {
			isa = PBXGroup;
			children = (
				B4C8E5A72CD0000000000040 /* AppViewModel.swift */,
				B4C8E5A82CD0000000000041 /* TodayViewModel.swift */,
				B4C8E5A92CD0000000000042 /* CatalogViewModel.swift */,
				B4C8E5AA2CD0000000000043 /* AddMomentViewModel.swift */,
				B4C8E5AB2CD0000000000044 /* StatisticsViewModel.swift */,
				B4C8E5AC2CD0000000000045 /* ProfileViewModel.swift */,
			);
			path = ViewModels;
			sourceTree = "<group>";
		};
		B4C8E5C32CD0000000000083 /* Views */ = {
			isa = PBXGroup;
			children = (
				B4C8E5AD2CD0000000000050 /* MainTabView.swift */,
				B4C8E5AE2CD0000000000051 /* TodayView.swift */,
				B4C8E5AF2CD0000000000052 /* CatalogView.swift */,
				B4C8E5B02CD0000000000053 /* AddMomentView.swift */,
				B4C8E5B12CD0000000000054 /* StatisticsView.swift */,
				B4C8E5B22CD0000000000055 /* ProfileView.swift */,
				B4C8E5B32CD0000000000056 /* MomentsView.swift */,
				B4C8E5C42CD0000000000084 /* Components */,
				B4C8E5C52CD0000000000085 /* Utils */,
			);
			path = Views;
			sourceTree = "<group>";
		};
		B4C8E5C42CD0000000000084 /* Components */ = {
			isa = PBXGroup;
			children = (
				B4C8E5B42CD0000000000060 /* MomentCardView.swift */,
				B4C8E5B52CD0000000000061 /* AddMomentModalView.swift */,
			);
			path = Components;
			sourceTree = "<group>";
		};
		B4C8E5C52CD0000000000085 /* Utils */ = {
			isa = PBXGroup;
			children = (
				B4C8E5B62CD0000000000070 /* LoadingView.swift */,
				B4C8E5B72CD0000000000071 /* ImagePicker.swift */,
			);
			path = Utils;
			sourceTree = "<group>";
		};
/* End PBXGroup section */

/* Begin PBXNativeTarget section */
		B4A1E2A32CD000000000000B /* Moments */ = {
			isa = PBXNativeTarget;
			buildConfigurationList = B4A1E2B72CD000000000000C /* Build configuration list for PBXNativeTarget "Moments" */;
			buildPhases = (
				B4A1E2A02CD000000000000D /* Sources */,
				B4A1E2A12CD0000000000007 /* Frameworks */,
				B4A1E2A22CD000000000000E /* Resources */,
			);
			buildRules = (
			);
			dependencies = (
			);
			name = Moments;
			productName = Moments;
			productReference = B4A1E2A42CD0000000000000 /* Moments.app */;
			productType = "com.apple.product-type.application";
		};
/* End PBXNativeTarget section */

/* Begin PBXProject section */
		B4A1E29C2CD000000000000F /* Project object */ = {
			isa = PBXProject;
			attributes = {
				BuildIndependentTargetsInParallel = 1;
				LastSwiftUpdateCheck = 1500;
				LastUpgradeCheck = 2600;
				TargetAttributes = {
					B4A1E2A32CD000000000000B = {
						CreatedOnToolsVersion = 15.0;
					};
				};
			};
			buildConfigurationList = B4A1E29F2CD0000000000010 /* Build configuration list for PBXProject "Moments" */;
			compatibilityVersion = "Xcode 14.0";
			developmentRegion = en;
			hasScannedForEncodings = 0;
			knownRegions = (
				en,
				Base,
			);
			mainGroup = B4A1E29B2CD0000000000008;
			productRefGroup = B4A1E2A52CD000000000000A /* Products */;
			projectDirPath = "";
			projectRoot = "";
			targets = (
				B4A1E2A32CD000000000000B /* Moments */,
			);
		};
/* End PBXProject section */

/* Begin PBXResourcesBuildPhase section */
		B4A1E2A22CD000000000000E /* Resources */ = {
			isa = PBXResourcesBuildPhase;
			buildActionMask = 2147483647;
			files = (
				B4A1E2AC2CD0000000000003 /* Assets.xcassets in Resources */,
			);
			runOnlyForDeploymentPostprocessing = 0;
		};
/* End PBXResourcesBuildPhase section */

/* Begin PBXSourcesBuildPhase section */
		B4A1E2A02CD000000000000D /* Sources */ = {
			isa = PBXSourcesBuildPhase;
			buildActionMask = 2147483647;
			files = (
				B4A1E2B02CD0000000000004 /* Persistence.swift in Sources */,
				B4A1E2A82CD0000000000001 /* MomentsApp.swift in Sources */,
				B4A1E2B32CD0000000000005 /* Moments.xcdatamodeld in Sources */,
				B4C8E5A12CD0000000000010 /* AppDelegate.swift in Sources */,
				DD1D53692EA1C42D006BBFA9 /* NotificationService.swift in Sources */,
				B4C8E5A32CD0000000000020 /* AppMoment.swift in Sources */,
				B4C8E5A42CD0000000000021 /* AppUserSettings.swift in Sources */,
				B4C8E5A52CD0000000000022 /* Statistics.swift in Sources */,
				B4C8E5A62CD0000000000030 /* DataService.swift in Sources */,
				B4C8E5A72CD0000000000031 /* ServerService.swift in Sources */,
				B4C8E5A82CD0000000000040 /* AppViewModel.swift in Sources */,
				B4C8E5A92CD0000000000041 /* TodayViewModel.swift in Sources */,
				B4C8E5AA2CD0000000000042 /* CatalogViewModel.swift in Sources */,
				B4C8E5AB2CD0000000000043 /* AddMomentViewModel.swift in Sources */,
				B4C8E5AC2CD0000000000044 /* StatisticsViewModel.swift in Sources */,
				B4C8E5AD2CD0000000000045 /* ProfileViewModel.swift in Sources */,
				B4C8E5AE2CD0000000000050 /* MainTabView.swift in Sources */,
				B4C8E5AF2CD0000000000051 /* TodayView.swift in Sources */,
				B4C8E5B02CD0000000000052 /* CatalogView.swift in Sources */,
				B4C8E5B12CD0000000000053 /* AddMomentView.swift in Sources */,
				B4C8E5B22CD0000000000054 /* StatisticsView.swift in Sources */,
				B4C8E5B32CD0000000000055 /* ProfileView.swift in Sources */,
				B4C8E5B42CD0000000000056 /* MomentsView.swift in Sources */,
				B4C8E5B52CD0000000000060 /* MomentCardView.swift in Sources */,
				B4C8E5B62CD0000000000061 /* AddMomentModalView.swift in Sources */,
				B4C8E5B72CD0000000000070 /* LoadingView.swift in Sources */,
				B4C8E5B82CD0000000000071 /* ImagePicker.swift in Sources */,
			);
			runOnlyForDeploymentPostprocessing = 0;
		};
/* End PBXSourcesBuildPhase section */

/* Begin XCBuildConfiguration section */
		B4A1E2B52CD0000000000011 /* Debug */ = {
			isa = XCBuildConfiguration;
			buildSettings = {
				ALWAYS_SEARCH_USER_PATHS = NO;
				ASSETCATALOG_COMPILER_GENERATE_SWIFT_ASSET_SYMBOL_EXTENSIONS = YES;
				CLANG_ANALYZER_NONNULL = YES;
				CLANG_ANALYZER_NUMBER_OBJECT_CONVERSION = YES_AGGRESSIVE;
				CLANG_CXX_LANGUAGE_STANDARD = "gnu++20";
				CLANG_ENABLE_MODULES = YES;
				CLANG_ENABLE_OBJC_ARC = YES;
				CLANG_ENABLE_OBJC_WEAK = YES;
				CLANG_WARN_BLOCK_CAPTURE_AUTORELEASING = YES;
				CLANG_WARN_BOOL_CONVERSION = YES;
				CLANG_WARN_COMMA = YES;
				CLANG_WARN_CONSTANT_CONVERSION = YES;
				CLANG_WARN_DEPRECATED_OBJC_IMPLEMENTATIONS = YES;
				CLANG_WARN_DIRECT_OBJC_ISA_USAGE = YES_ERROR;
				CLANG_WARN_DOCUMENTATION_COMMENTS = YES;
				CLANG_WARN_EMPTY_BODY = YES;
				CLANG_WARN_ENUM_CONVERSION = YES;
				CLANG_WARN_INFINITE_RECURSION = YES;
				CLANG_WARN_INT_CONVERSION = YES;
				CLANG_WARN_NON_LITERAL_NULL_CONVERSION = YES;
				CLANG_WARN_OBJC_IMPLICIT_RETAIN_SELF = YES;
				CLANG_WARN_OBJC_LITERAL_CONVERSION = YES;
				CLANG_WARN_OBJC_ROOT_CLASS = YES_ERROR;
				CLANG_WARN_QUOTED_INCLUDE_IN_FRAMEWORK_HEADER = YES;
				CLANG_WARN_RANGE_LOOP_ANALYSIS = YES;
				CLANG_WARN_STRICT_PROTOTYPES = YES;
				CLANG_WARN_SUSPICIOUS_MOVE = YES;
				CLANG_WARN_UNGUARDED_AVAILABILITY = YES_AGGRESSIVE;
				CLANG_WARN_UNREACHABLE_CODE = YES;
				CLANG_WARN__DUPLICATE_METHOD_MATCH = YES;
				COPY_PHASE_STRIP = NO;
				DEBUG_INFORMATION_FORMAT = dwarf;
				ENABLE_STRICT_OBJC_MSGSEND = YES;
				ENABLE_TESTABILITY = YES;
				ENABLE_USER_SCRIPT_SANDBOXING = YES;
				GCC_C_LANGUAGE_STANDARD = gnu17;
				GCC_DYNAMIC_NO_PIC = NO;
				GCC_NO_COMMON_BLOCKS = YES;
				GCC_OPTIMIZATION_LEVEL = 0;
				GCC_PREPROCESSOR_DEFINITIONS = (
					"DEBUG=1",
					"$(inherited)",
				);
				GCC_WARN_64_TO_32_BIT_CONVERSION = YES;
				GCC_WARN_ABOUT_RETURN_TYPE = YES_ERROR;
				GCC_WARN_UNDECLARED_SELECTOR = YES;
				GCC_WARN_UNINITIALIZED_AUTOS = YES_AGGRESSIVE;
				GCC_WARN_UNUSED_FUNCTION = YES;
				GCC_WARN_UNUSED_VARIABLE = YES;
				IPHONEOS_DEPLOYMENT_TARGET = 15.0;
				LOCALIZATION_PREFERS_STRING_CATALOGS = YES;
				MTL_ENABLE_DEBUG_INFO = INCLUDE_SOURCE;
				MTL_FAST_MATH = YES;
				ONLY_ACTIVE_ARCH = YES;
				SDKROOT = iphoneos;
				STRING_CATALOG_GENERATE_SYMBOLS = YES;
				SWIFT_ACTIVE_COMPILATION_CONDITIONS = "DEBUG $(inherited)";
				SWIFT_OPTIMIZATION_LEVEL = "-Onone";
			};
			name = Debug;
		};
		B4A1E2B62CD0000000000012 /* Release */ = {
			isa = XCBuildConfiguration;
			buildSettings = {
				ALWAYS_SEARCH_USER_PATHS = NO;
				ASSETCATALOG_COMPILER_GENERATE_SWIFT_ASSET_SYMBOL_EXTENSIONS = YES;
				CLANG_ANALYZER_NONNULL = YES;
				CLANG_ANALYZER_NUMBER_OBJECT_CONVERSION = YES_AGGRESSIVE;
				CLANG_CXX_LANGUAGE_STANDARD = "gnu++20";
				CLANG_ENABLE_MODULES = YES;
				CLANG_ENABLE_OBJC_ARC = YES;
				CLANG_ENABLE_OBJC_WEAK = YES;
				CLANG_WARN_BLOCK_CAPTURE_AUTORELEASING = YES;
				CLANG_WARN_BOOL_CONVERSION = YES;
				CLANG_WARN_COMMA = YES;
				CLANG_WARN_CONSTANT_CONVERSION = YES;
				CLANG_WARN_DEPRECATED_OBJC_IMPLEMENTATIONS = YES;
				CLANG_WARN_DIRECT_OBJC_ISA_USAGE = YES_ERROR;
				CLANG_WARN_DOCUMENTATION_COMMENTS = YES;
				CLANG_WARN_EMPTY_BODY = YES;
				CLANG_WARN_ENUM_CONVERSION = YES;
				CLANG_WARN_INFINITE_RECURSION = YES;
				CLANG_WARN_INT_CONVERSION = YES;
				CLANG_WARN_NON_LITERAL_NULL_CONVERSION = YES;
				CLANG_WARN_OBJC_IMPLICIT_RETAIN_SELF = YES;
				CLANG_WARN_OBJC_LITERAL_CONVERSION = YES;
				CLANG_WARN_OBJC_ROOT_CLASS = YES_ERROR;
				CLANG_WARN_QUOTED_INCLUDE_IN_FRAMEWORK_HEADER = YES;
				CLANG_WARN_RANGE_LOOP_ANALYSIS = YES;
				CLANG_WARN_STRICT_PROTOTYPES = YES;
				CLANG_WARN_SUSPICIOUS_MOVE = YES;
				CLANG_WARN_UNGUARDED_AVAILABILITY = YES_AGGRESSIVE;
				CLANG_WARN_UNREACHABLE_CODE = YES;
				CLANG_WARN__DUPLICATE_METHOD_MATCH = YES;
				COPY_PHASE_STRIP = NO;
				DEBUG_INFORMATION_FORMAT = "dwarf-with-dsym";
				ENABLE_NS_ASSERTIONS = NO;
				ENABLE_STRICT_OBJC_MSGSEND = YES;
				ENABLE_USER_SCRIPT_SANDBOXING = YES;
				GCC_C_LANGUAGE_STANDARD = gnu17;
				GCC_NO_COMMON_BLOCKS = YES;
				GCC_WARN_64_TO_32_BIT_CONVERSION = YES;
				GCC_WARN_ABOUT_RETURN_TYPE = YES_ERROR;
				GCC_WARN_UNDECLARED_SELECTOR = YES;
				GCC_WARN_UNINITIALIZED_AUTOS = YES_AGGRESSIVE;
				GCC_WARN_UNUSED_FUNCTION = YES;
				GCC_WARN_UNUSED_VARIABLE = YES;
				IPHONEOS_DEPLOYMENT_TARGET = 15.0;
				LOCALIZATION_PREFERS_STRING_CATALOGS = YES;
				MTL_ENABLE_DEBUG_INFO = NO;
				MTL_FAST_MATH = YES;
				SDKROOT = iphoneos;
				STRING_CATALOG_GENERATE_SYMBOLS = YES;
				SWIFT_COMPILATION_MODE = wholemodule;
				VALIDATE_PRODUCT = YES;
			};
			name = Release;
		};
		B4A1E2B82CD0000000000013 /* Debug */ = {
			isa = XCBuildConfiguration;
			buildSettings = {
				ASSETCATALOG_COMPILER_APPICON_NAME = AppIcon;
				ASSETCATALOG_COMPILER_GLOBAL_ACCENT_COLOR_NAME = AccentColor;
				CODE_SIGN_STYLE = Automatic;
				CURRENT_PROJECT_VERSION = 1;
				DEVELOPMENT_ASSET_PATHS = "";
				DEVELOPMENT_TEAM = "";
				ENABLE_PREVIEWS = YES;
				GENERATE_INFOPLIST_FILE = YES;
				INFOPLIST_KEY_NSPhotoLibraryUsageDescription = "This app needs access to your photo library to let you choose a profile picture.";
				INFOPLIST_KEY_UIApplicationSceneManifest_Generation = YES;
				INFOPLIST_KEY_UIApplicationSupportsIndirectInputEvents = YES;
				INFOPLIST_KEY_UILaunchScreen_Generation = YES;
				INFOPLIST_KEY_UISupportedInterfaceOrientations = "UIInterfaceOrientationLandscapeLeft UIInterfaceOrientationLandscapeRight UIInterfaceOrientationPortrait";
				INFOPLIST_KEY_UISupportedInterfaceOrientations_iPad = "UIInterfaceOrientationLandscapeLeft UIInterfaceOrientationLandscapeRight UIInterfaceOrientationPortrait UIInterfaceOrientationPortraitUpsideDown";
				LD_RUNPATH_SEARCH_PATHS = (
					"$(inherited)",
					"@executable_path/Frameworks",
				);
				MARKETING_VERSION = 1.0;
				PRODUCT_BUNDLE_IDENTIFIER = com.MomentsDailyJoyTracker;
				PRODUCT_NAME = "$(TARGET_NAME)";
				SUPPORTED_PLATFORMS = "iphoneos iphonesimulator";
				SUPPORTS_MACCATALYST = NO;
				SWIFT_EMIT_LOC_STRINGS = YES;
				SWIFT_VERSION = 5.0;
				TARGETED_DEVICE_FAMILY = 1;
			};
			name = Debug;
		};
		B4A1E2B92CD0000000000014 /* Release */ = {
			isa = XCBuildConfiguration;
			buildSettings = {
				ASSETCATALOG_COMPILER_APPICON_NAME = AppIcon;
				ASSETCATALOG_COMPILER_GLOBAL_ACCENT_COLOR_NAME = AccentColor;
				CODE_SIGN_STYLE = Automatic;
				CURRENT_PROJECT_VERSION = 1;
				DEVELOPMENT_ASSET_PATHS = "";
				DEVELOPMENT_TEAM = "";
				ENABLE_PREVIEWS = YES;
				GENERATE_INFOPLIST_FILE = YES;
				INFOPLIST_KEY_NSPhotoLibraryUsageDescription = "This app needs access to your photo library to let you choose a profile picture.";
				INFOPLIST_KEY_UIApplicationSceneManifest_Generation = YES;
				INFOPLIST_KEY_UIApplicationSupportsIndirectInputEvents = YES;
				INFOPLIST_KEY_UILaunchScreen_Generation = YES;
				INFOPLIST_KEY_UISupportedInterfaceOrientations = "UIInterfaceOrientationLandscapeLeft UIInterfaceOrientationLandscapeRight UIInterfaceOrientationPortrait";
				INFOPLIST_KEY_UISupportedInterfaceOrientations_iPad = "UIInterfaceOrientationLandscapeLeft UIInterfaceOrientationLandscapeRight UIInterfaceOrientationPortrait UIInterfaceOrientationPortraitUpsideDown";
				LD_RUNPATH_SEARCH_PATHS = (
					"$(inherited)",
					"@executable_path/Frameworks",
				);
				MARKETING_VERSION = 1.0;
				PRODUCT_BUNDLE_IDENTIFIER = com.MomentsDailyJoyTracker;
				PRODUCT_NAME = "$(TARGET_NAME)";
				SUPPORTED_PLATFORMS = "iphoneos iphonesimulator";
				SUPPORTS_MACCATALYST = NO;
				SWIFT_EMIT_LOC_STRINGS = YES;
				SWIFT_VERSION = 5.0;
				TARGETED_DEVICE_FAMILY = 1;
			};
			name = Release;
		};
/* End XCBuildConfiguration section */

/* Begin XCConfigurationList section */
		B4A1E29F2CD0000000000010 /* Build configuration list for PBXProject "Moments" */ = {
			isa = XCConfigurationList;
			buildConfigurations = (
				B4A1E2B52CD0000000000011 /* Debug */,
				B4A1E2B62CD0000000000012 /* Release */,
			);
			defaultConfigurationIsVisible = 0;
			defaultConfigurationName = Release;
		};
		B4A1E2B72CD000000000000C /* Build configuration list for PBXNativeTarget "Moments" */ = {
			isa = XCConfigurationList;
			buildConfigurations = (
				B4A1E2B82CD0000000000013 /* Debug */,
				B4A1E2B92CD0000000000014 /* Release */,
			);
			defaultConfigurationIsVisible = 0;
			defaultConfigurationName = Release;
		};
/* End XCConfigurationList section */

/* Begin XCVersionGroup section */
		B4A1E2B12CD0000000000005 /* Moments.xcdatamodeld */ = {
			isa = XCVersionGroup;
			children = (
				B4A1E2B22CD0000000000006 /* Moments.xcdatamodel */,
			);
			currentVersion = B4A1E2B22CD0000000000006 /* Moments.xcdatamodel */;
			path = Moments.xcdatamodeld;
			sourceTree = "<group>";
			versionGroupType = wrapper.xcdatamodel;
		};
/* End XCVersionGroup section */
	};
	rootObject = B4A1E29C2CD000000000000F /* Project object */;
}
